// !$*UTF8*$!
{
	archiveVersion = 1;
	classes = {
	};
	objectVersion = 50;
	objects = {

/* Begin PBXBuildFile section */
		DE73100D239F362600CEEAA1 /* AppDelegate.swift in Sources */ = {isa = PBXBuildFile; fileRef = DE73100C239F362600CEEAA1 /* AppDelegate.swift */; };
		DE73100F239F362600CEEAA1 /* SceneDelegate.swift in Sources */ = {isa = PBXBuildFile; fileRef = DE73100E239F362600CEEAA1 /* SceneDelegate.swift */; };
		DE731011239F362600CEEAA1 /* ViewController.swift in Sources */ = {isa = PBXBuildFile; fileRef = DE731010239F362600CEEAA1 /* ViewController.swift */; };
		DE731014239F362600CEEAA1 /* Main.storyboard in Resources */ = {isa = PBXBuildFile; fileRef = DE731012239F362600CEEAA1 /* Main.storyboard */; };
		DE731017239F362600CEEAA1 /* Pop_up_professor.xcdatamodeld in Sources */ = {isa = PBXBuildFile; fileRef = DE731015239F362600CEEAA1 /* Pop_up_professor.xcdatamodeld */; };
		DE731019239F362A00CEEAA1 /* Assets.xcassets in Resources */ = {isa = PBXBuildFile; fileRef = DE731018239F362A00CEEAA1 /* Assets.xcassets */; };
		DE73101C239F362A00CEEAA1 /* LaunchScreen.storyboard in Resources */ = {isa = PBXBuildFile; fileRef = DE73101A239F362A00CEEAA1 /* LaunchScreen.storyboard */; };
/* End PBXBuildFile section */

/* Begin PBXFileReference section */
		DE731009239F362600CEEAA1 /* Pop up professor.app */ = {isa = PBXFileReference; explicitFileType = wrapper.application; includeInIndex = 0; path = "Pop up professor.app"; sourceTree = BUILT_PRODUCTS_DIR; };
		DE73100C239F362600CEEAA1 /* AppDelegate.swift */ = {isa = PBXFileReference; lastKnownFileType = sourcecode.swift; path = AppDelegate.swift; sourceTree = "<group>"; };
		DE73100E239F362600CEEAA1 /* SceneDelegate.swift */ = {isa = PBXFileReference; lastKnownFileType = sourcecode.swift; path = SceneDelegate.swift; sourceTree = "<group>"; };
		DE731010239F362600CEEAA1 /* ViewController.swift */ = {isa = PBXFileReference; lastKnownFileType = sourcecode.swift; path = ViewController.swift; sourceTree = "<group>"; };
		DE731013239F362600CEEAA1 /* Base */ = {isa = PBXFileReference; lastKnownFileType = file.storyboard; name = Base; path = Base.lproj/Main.storyboard; sourceTree = "<group>"; };
		DE731016239F362600CEEAA1 /* Pop_up_professor.xcdatamodel */ = {isa = PBXFileReference; lastKnownFileType = wrapper.xcdatamodel; path = Pop_up_professor.xcdatamodel; sourceTree = "<group>"; };
		DE731018239F362A00CEEAA1 /* Assets.xcassets */ = {isa = PBXFileReference; lastKnownFileType = folder.assetcatalog; path = Assets.xcassets; sourceTree = "<group>"; };
		DE73101B239F362A00CEEAA1 /* Base */ = {isa = PBXFileReference; lastKnownFileType = file.storyboard; name = Base; path = Base.lproj/LaunchScreen.storyboard; sourceTree = "<group>"; };
		DE73101D239F362A00CEEAA1 /* Info.plist */ = {isa = PBXFileReference; lastKnownFileType = text.plist.xml; path = Info.plist; sourceTree = "<group>"; };
/* End PBXFileReference section */

/* Begin PBXFrameworksBuildPhase section */
		DE731006239F362600CEEAA1 /* Frameworks */ = {
			isa = PBXFrameworksBuildPhase;
			buildActionMask = 2147483647;
			files = (
			);
			runOnlyForDeploymentPostprocessing = 0;
		};
/* End PBXFrameworksBuildPhase section */

/* Begin PBXGroup section */
		DE731000239F362600CEEAA1 = {
			isa = PBXGroup;
			children = (
				DE73100B239F362600CEEAA1 /* Pop up professor */,
				DE73100A239F362600CEEAA1 /* Products */,
			);
			sourceTree = "<group>";
		};
		DE73100A239F362600CEEAA1 /* Products */ = {
			isa = PBXGroup;
			children = (
				DE731009239F362600CEEAA1 /* Pop up professor.app */,
			);
			name = Products;
			sourceTree = "<group>";
		};
		DE73100B239F362600CEEAA1 /* Pop up professor */ = {
			isa = PBXGroup;
			children = (
				DE73100C239F362600CEEAA1 /* AppDelegate.swift */,
				DE73100E239F362600CEEAA1 /* SceneDelegate.swift */,
				DE731012239F362600CEEAA1 /* Main.storyboard */,
				DE731018239F362A00CEEAA1 /* Assets.xcassets */,
				DE731010239F362600CEEAA1 /* ViewController.swift */,
				DE73101A239F362A00CEEAA1 /* LaunchScreen.storyboard */,
				DE73101D239F362A00CEEAA1 /* Info.plist */,
				DE731015239F362600CEEAA1 /* Pop_up_professor.xcdatamodeld */,
			);
			path = "Pop up professor";
			sourceTree = "<group>";
		};
/* End PBXGroup section */

/* Begin PBXNativeTarget section */
		DE731008239F362600CEEAA1 /* Pop up professor */ = {
			isa = PBXNativeTarget;
			buildConfigurationList = DE731020239F362A00CEEAA1 /* Build configuration list for PBXNativeTarget "Pop up professor" */;
			buildPhases = (
				DE731005239F362600CEEAA1 /* Sources */,
				DE731006239F362600CEEAA1 /* Frameworks */,
				DE731007239F362600CEEAA1 /* Resources */,
			);
			buildRules = (
			);
			dependencies = (
			);
			name = "Pop up professor";
			productName = "Pop up professor";
			productReference = DE731009239F362600CEEAA1 /* Pop up professor.app */;
			productType = "com.apple.product-type.application";
		};
/* End PBXNativeTarget section */

/* Begin PBXProject section */
		DE731001239F362600CEEAA1 /* Project object */ = {
			isa = PBXProject;
			attributes = {
				LastSwiftUpdateCheck = 1110;
				LastUpgradeCheck = 1110;
				ORGANIZATIONNAME = "Giannte Page";
				TargetAttributes = {
					DE731008239F362600CEEAA1 = {
						CreatedOnToolsVersion = 11.1;
					};
				};
			};
			buildConfigurationList = DE731004239F362600CEEAA1 /* Build configuration list for PBXProject "Pop up professor" */;
			compatibilityVersion = "Xcode 9.3";
			developmentRegion = en;
			hasScannedForEncodings = 0;
			knownRegions = (
				en,
				Base,
			);
			mainGroup = DE731000239F362600CEEAA1;
			productRefGroup = DE73100A239F362600CEEAA1 /* Products */;
			projectDirPath = "";
			projectRoot = "";
			targets = (
				DE731008239F362600CEEAA1 /* Pop up professor */,
			);
		};
/* End PBXProject section */

/* Begin PBXResourcesBuildPhase section */
		DE731007239F362600CEEAA1 /* Resources */ = {
			isa = PBXResourcesBuildPhase;
			buildActionMask = 2147483647;
			files = (
				DE73101C239F362A00CEEAA1 /* LaunchScreen.storyboard in Resources */,
				DE731019239F362A00CEEAA1 /* Assets.xcassets in Resources */,
				DE731014239F362600CEEAA1 /* Main.storyboard in Resources */,
			);
			runOnlyForDeploymentPostprocessing = 0;
		};
/* End PBXResourcesBuildPhase section */

/* Begin PBXSourcesBuildPhase section */
		DE731005239F362600CEEAA1 /* Sources */ = {
			isa = PBXSourcesBuildPhase;
			buildActionMask = 2147483647;
			files = (
				DE731011239F362600CEEAA1 /* ViewController.swift in Sources */,
				DE73100D239F362600CEEAA1 /* AppDelegate.swift in Sources */,
				DE731017239F362600CEEAA1 /* Pop_up_professor.xcdatamodeld in Sources */,
				DE73100F239F362600CEEAA1 /* SceneDelegate.swift in Sources */,
			);
			runOnlyForDeploymentPostprocessing = 0;
		};
/* End PBXSourcesBuildPhase section */

/* Begin PBXVariantGroup section */
		DE731012239F362600CEEAA1 /* Main.storyboard */ = {
			isa = PBXVariantGroup;
			children = (
				DE731013239F362600CEEAA1 /* Base */,
			);
			name = Main.storyboard;
			sourceTree = "<group>";
		};
		DE73101A239F362A00CEEAA1 /* LaunchScreen.storyboard */ = {
			isa = PBXVariantGroup;
			children = (
				DE73101B239F362A00CEEAA1 /* Base */,
			);
			name = LaunchScreen.storyboard;
			sourceTree = "<group>";
		};
/* End PBXVariantGroup section */

/* Begin XCBuildConfiguration section */
		DE73101E239F362A00CEEAA1 /* Debug */ = {
			isa = XCBuildConfiguration;
			buildSettings = {
				ALWAYS_SEARCH_USER_PATHS = NO;
				CLANG_ANALYZER_NONNULL = YES;
				CLANG_ANALYZER_NUMBER_OBJECT_CONVERSION = YES_AGGRESSIVE;
				CLANG_CXX_LANGUAGE_STANDARD = "gnu++14";
				CLANG_CXX_LIBRARY = "libc++";
				CLANG_ENABLE_MODULES = YES;
				CLANG_ENABLE_OBJC_ARC = YES;
				CLANG_ENABLE_OBJC_WEAK = YES;
				CLANG_WARN_BLOCK_CAPTURE_AUTORELEASING = YES;
				CLANG_WARN_BOOL_CONVERSION = YES;
				CLANG_WARN_COMMA = YES;
				CLANG_WARN_CONSTANT_CONVERSION = YES;
				CLANG_WARN_DEPRECATED_OBJC_IMPLEMENTATIONS = YES;
				CLANG_WARN_DIRECT_OBJC_ISA_USAGE = YES_ERROR;
				CLANG_WARN_DOCUMENTATION_COMMENTS = YES;
				CLANG_WARN_EMPTY_BODY = YES;
				CLANG_WARN_ENUM_CONVERSION = YES;
				CLANG_WARN_INFINITE_RECURSION = YES;
				CLANG_WARN_INT_CONVERSION = YES;
				CLANG_WARN_NON_LITERAL_NULL_CONVERSION = YES;
				CLANG_WARN_OBJC_IMPLICIT_RETAIN_SELF = YES;
				CLANG_WARN_OBJC_LITERAL_CONVERSION = YES;
				CLANG_WARN_OBJC_ROOT_CLASS = YES_ERROR;
				CLANG_WARN_RANGE_LOOP_ANALYSIS = YES;
				CLANG_WARN_STRICT_PROTOTYPES = YES;
				CLANG_WARN_SUSPICIOUS_MOVE = YES;
				CLANG_WARN_UNGUARDED_AVAILABILITY = YES_AGGRESSIVE;
				CLANG_WARN_UNREACHABLE_CODE = YES;
				CLANG_WARN__DUPLICATE_METHOD_MATCH = YES;
				COPY_PHASE_STRIP = NO;
				DEBUG_INFORMATION_FORMAT = dwarf;
				ENABLE_STRICT_OBJC_MSGSEND = YES;
				ENABLE_TESTABILITY = YES;
				GCC_C_LANGUAGE_STANDARD = gnu11;
				GCC_DYNAMIC_NO_PIC = NO;
				GCC_NO_COMMON_BLOCKS = YES;
				GCC_OPTIMIZATION_LEVEL = 0;
				GCC_PREPROCESSOR_DEFINITIONS = (
					"DEBUG=1",
					"$(inherited)",
				);
				GCC_WARN_64_TO_32_BIT_CONVERSION = YES;
				GCC_WARN_ABOUT_RETURN_TYPE = YES_ERROR;
				GCC_WARN_UNDECLARED_SELECTOR = YES;
				GCC_WARN_UNINITIALIZED_AUTOS = YES_AGGRESSIVE;
				GCC_WARN_UNUSED_FUNCTION = YES;
				GCC_WARN_UNUSED_VARIABLE = YES;
				IPHONEOS_DEPLOYMENT_TARGET = 13.1;
				MTL_ENABLE_DEBUG_INFO = INCLUDE_SOURCE;
				MTL_FAST_MATH = YES;
				ONLY_ACTIVE_ARCH = YES;
				SDKROOT = iphoneos;
				SWIFT_ACTIVE_COMPILATION_CONDITIONS = DEBUG;
				SWIFT_OPTIMIZATION_LEVEL = "-Onone";
			};
			name = Debug;
		};
		DE73101F239F362A00CEEAA1 /* Release */ = {
			isa = XCBuildConfiguration;
			buildSettings = {
				ALWAYS_SEARCH_USER_PATHS = NO;
				CLANG_ANALYZER_NONNULL = YES;
				CLANG_ANALYZER_NUMBER_OBJECT_CONVERSION = YES_AGGRESSIVE;
				CLANG_CXX_LANGUAGE_STANDARD = "gnu++14";
				CLANG_CXX_LIBRARY = "libc++";
				CLANG_ENABLE_MODULES = YES;
				CLANG_ENABLE_OBJC_ARC = YES;
				CLANG_ENABLE_OBJC_WEAK = YES;
				CLANG_WARN_BLOCK_CAPTURE_AUTORELEASING = YES;
				CLANG_WARN_BOOL_CONVERSION = YES;
				CLANG_WARN_COMMA = YES;
				CLANG_WARN_CONSTANT_CONVERSION = YES;
				CLANG_WARN_DEPRECATED_OBJC_IMPLEMENTATIONS = YES;
				CLANG_WARN_DIRECT_OBJC_ISA_USAGE = YES_ERROR;
				CLANG_WARN_DOCUMENTATION_COMMENTS = YES;
				CLANG_WARN_EMPTY_BODY = YES;
				CLANG_WARN_ENUM_CONVERSION = YES;
				CLANG_WARN_INFINITE_RECURSION = YES;
				CLANG_WARN_INT_CONVERSION = YES;
				CLANG_WARN_NON_LITERAL_NULL_CONVERSION = YES;
				CLANG_WARN_OBJC_IMPLICIT_RETAIN_SELF = YES;
				CLANG_WARN_OBJC_LITERAL_CONVERSION = YES;
				CLANG_WARN_OBJC_ROOT_CLASS = YES_ERROR;
				CLANG_WARN_RANGE_LOOP_ANALYSIS = YES;
				CLANG_WARN_STRICT_PROTOTYPES = YES;
				CLANG_WARN_SUSPICIOUS_MOVE = YES;
				CLANG_WARN_UNGUARDED_AVAILABILITY = YES_AGGRESSIVE;
				CLANG_WARN_UNREACHABLE_CODE = YES;
				CLANG_WARN__DUPLICATE_METHOD_MATCH = YES;
				COPY_PHASE_STRIP = NO;
				DEBUG_INFORMATION_FORMAT = "dwarf-with-dsym";
				ENABLE_NS_ASSERTIONS = NO;
				ENABLE_STRICT_OBJC_MSGSEND = YES;
				GCC_C_LANGUAGE_STANDARD = gnu11;
				GCC_NO_COMMON_BLOCKS = YES;
				GCC_WARN_64_TO_32_BIT_CONVERSION = YES;
				GCC_WARN_ABOUT_RETURN_TYPE = YES_ERROR;
				GCC_WARN_UNDECLARED_SELECTOR = YES;
				GCC_WARN_UNINITIALIZED_AUTOS = YES_AGGRESSIVE;
				GCC_WARN_UNUSED_FUNCTION = YES;
				GCC_WARN_UNUSED_VARIABLE = YES;
				IPHONEOS_DEPLOYMENT_TARGET = 13.1;
				MTL_ENABLE_DEBUG_INFO = NO;
				MTL_FAST_MATH = YES;
				SDKROOT = iphoneos;
				SWIFT_COMPILATION_MODE = wholemodule;
				SWIFT_OPTIMIZATION_LEVEL = "-O";
				VALIDATE_PRODUCT = YES;
			};
			name = Release;
		};
		DE731021239F362A00CEEAA1 /* Debug */ = {
			isa = XCBuildConfiguration;
			buildSettings = {
				ASSETCATALOG_COMPILER_APPICON_NAME = AppIcon;
				CODE_SIGN_STYLE = Automatic;
				INFOPLIST_FILE = "Pop up professor/Info.plist";
				LD_RUNPATH_SEARCH_PATHS = (
					"$(inherited)",
					"@executable_path/Frameworks",
				);
				PRODUCT_BUNDLE_IDENTIFIER = "Lituation.Pop-up-professor";
				PRODUCT_NAME = "$(TARGET_NAME)";
				SWIFT_VERSION = 5.0;
				TARGETED_DEVICE_FAMILY = "1,2";
			};
			name = Debug;
		};
		DE731022239F362A00CEEAA1 /* Release */ = {
			isa = XCBuildConfiguration;
			buildSettings = {
				ASSETCATALOG_COMPILER_APPICON_NAME = AppIcon;
				CODE_SIGN_STYLE = Automatic;
				INFOPLIST_FILE = "Pop up professor/Info.plist";
				LD_RUNPATH_SEARCH_PATHS = (
					"$(inherited)",
					"@executable_path/Frameworks",
				);
				PRODUCT_BUNDLE_IDENTIFIER = "Lituation.Pop-up-professor";
				PRODUCT_NAME = "$(TARGET_NAME)";
				SWIFT_VERSION = 5.0;
				TARGETED_DEVICE_FAMILY = "1,2";
			};
			name = Release;
		};
/* End XCBuildConfiguration section */

/* Begin XCConfigurationList section */
		DE731004239F362600CEEAA1 /* Build configuration list for PBXProject "Pop up professor" */ = {
			isa = XCConfigurationList;
			buildConfigurations = (
				DE73101E239F362A00CEEAA1 /* Debug */,
				DE73101F239F362A00CEEAA1 /* Release */,
			);
			defaultConfigurationIsVisible = 0;
			defaultConfigurationName = Release;
		};
		DE731020239F362A00CEEAA1 /* Build configuration list for PBXNativeTarget "Pop up professor" */ = {
			isa = XCConfigurationList;
			buildConfigurations = (
				DE731021239F362A00CEEAA1 /* Debug */,
				DE731022239F362A00CEEAA1 /* Release */,
			);
			defaultConfigurationIsVisible = 0;
			defaultConfigurationName = Release;
		};
/* End XCConfigurationList section */

/* Begin XCVersionGroup section */
		DE731015239F362600CEEAA1 /* Pop_up_professor.xcdatamodeld */ = {
			isa = XCVersionGroup;
			children = (
				DE731016239F362600CEEAA1 /* Pop_up_professor.xcdatamodel */,
			);
			currentVersion = DE731016239F362600CEEAA1 /* Pop_up_professor.xcdatamodel */;
			path = Pop_up_professor.xcdatamodeld;
			sourceTree = "<group>";
			versionGroupType = wrapper.xcdatamodel;
		};
/* End XCVersionGroup section */
	};
	rootObject = DE731001239F362600CEEAA1 /* Project object */;
}
